// !$*UTF8*$!
{
	archiveVersion = 1;
	classes = {
	};
	objectVersion = 50;
	objects = {

/* Begin PBXBuildFile section */
		216AB8DB257EBCA800682211 /* AppDelegate.swift in Sources */ = {isa = PBXBuildFile; fileRef = 216AB8DA257EBCA800682211 /* AppDelegate.swift */; };
		216AB8DD257EBCA800682211 /* SceneDelegate.swift in Sources */ = {isa = PBXBuildFile; fileRef = 216AB8DC257EBCA800682211 /* SceneDelegate.swift */; };
		216AB8DF257EBCA800682211 /* ViewController.swift in Sources */ = {isa = PBXBuildFile; fileRef = 216AB8DE257EBCA800682211 /* ViewController.swift */; };
		216AB8E2257EBCA800682211 /* Main.storyboard in Resources */ = {isa = PBXBuildFile; fileRef = 216AB8E0257EBCA800682211 /* Main.storyboard */; };
		216AB8E4257EBCB500682211 /* Assets.xcassets in Resources */ = {isa = PBXBuildFile; fileRef = 216AB8E3257EBCB500682211 /* Assets.xcassets */; };
		216AB8E7257EBCB500682211 /* LaunchScreen.storyboard in Resources */ = {isa = PBXBuildFile; fileRef = 216AB8E5257EBCB500682211 /* LaunchScreen.storyboard */; };
/* End PBXBuildFile section */

/* Begin PBXFileReference section */
		216AB8D7257EBCA800682211 /* Study Tool2.app */ = {isa = PBXFileReference; explicitFileType = wrapper.application; includeInIndex = 0; path = "Study Tool2.app"; sourceTree = BUILT_PRODUCTS_DIR; };
		216AB8DA257EBCA800682211 /* AppDelegate.swift */ = {isa = PBXFileReference; lastKnownFileType = sourcecode.swift; path = AppDelegate.swift; sourceTree = "<group>"; };
		216AB8DC257EBCA800682211 /* SceneDelegate.swift */ = {isa = PBXFileReference; lastKnownFileType = sourcecode.swift; path = SceneDelegate.swift; sourceTree = "<group>"; };
		216AB8DE257EBCA800682211 /* ViewController.swift */ = {isa = PBXFileReference; lastKnownFileType = sourcecode.swift; path = ViewController.swift; sourceTree = "<group>"; };
		216AB8E1257EBCA800682211 /* Base */ = {isa = PBXFileReference; lastKnownFileType = file.storyboard; name = Base; path = Base.lproj/Main.storyboard; sourceTree = "<group>"; };
		216AB8E3257EBCB500682211 /* Assets.xcassets */ = {isa = PBXFileReference; lastKnownFileType = folder.assetcatalog; path = Assets.xcassets; sourceTree = "<group>"; };
		216AB8E6257EBCB500682211 /* Base */ = {isa = PBXFileReference; lastKnownFileType = file.storyboard; name = Base; path = Base.lproj/LaunchScreen.storyboard; sourceTree = "<group>"; };
		216AB8E8257EBCB500682211 /* Info.plist */ = {isa = PBXFileReference; lastKnownFileType = text.plist.xml; path = Info.plist; sourceTree = "<group>"; };
/* End PBXFileReference section */

/* Begin PBXFrameworksBuildPhase section */
		216AB8D4257EBCA800682211 /* Frameworks */ = {
			isa = PBXFrameworksBuildPhase;
			buildActionMask = 2147483647;
			files = (
			);
			runOnlyForDeploymentPostprocessing = 0;
		};
/* End PBXFrameworksBuildPhase section */

/* Begin PBXGroup section */
		216AB8CE257EBCA800682211 = {
			isa = PBXGroup;
			children = (
				216AB8D9257EBCA800682211 /* Study Tool2 */,
				216AB8D8257EBCA800682211 /* Products */,
			);
			sourceTree = "<group>";
		};
		216AB8D8257EBCA800682211 /* Products */ = {
			isa = PBXGroup;
			children = (
				216AB8D7257EBCA800682211 /* Study Tool2.app */,
			);
			name = Products;
			sourceTree = "<group>";
		};
		216AB8D9257EBCA800682211 /* Study Tool2 */ = {
			isa = PBXGroup;
			children = (
				216AB8DA257EBCA800682211 /* AppDelegate.swift */,
				216AB8DC257EBCA800682211 /* SceneDelegate.swift */,
				216AB8DE257EBCA800682211 /* ViewController.swift */,
				216AB8E0257EBCA800682211 /* Main.storyboard */,
				216AB8E3257EBCB500682211 /* Assets.xcassets */,
				216AB8E5257EBCB500682211 /* LaunchScreen.storyboard */,
				216AB8E8257EBCB500682211 /* Info.plist */,
			);
			path = "Study Tool2";
			sourceTree = "<group>";
		};
/* End PBXGroup section */

/* Begin PBXNativeTarget section */
		216AB8D6257EBCA800682211 /* Study Tool2 */ = {
			isa = PBXNativeTarget;
			buildConfigurationList = 216AB8EB257EBCB500682211 /* Build configuration list for PBXNativeTarget "Study Tool2" */;
			buildPhases = (
				216AB8D3257EBCA800682211 /* Sources */,
				216AB8D4257EBCA800682211 /* Frameworks */,
				216AB8D5257EBCA800682211 /* Resources */,
			);
			buildRules = (
			);
			dependencies = (
			);
			name = "Study Tool2";
			productName = "Study Tool2";
			productReference = 216AB8D7257EBCA800682211 /* Study Tool2.app */;
			productType = "com.apple.product-type.application";
		};
/* End PBXNativeTarget section */

/* Begin PBXProject section */
		216AB8CF257EBCA800682211 /* Project object */ = {
			isa = PBXProject;
			attributes = {
				LastSwiftUpdateCheck = 1110;
				LastUpgradeCheck = 1110;
				ORGANIZATIONNAME = "Reagan Buell";
				TargetAttributes = {
					216AB8D6257EBCA800682211 = {
						CreatedOnToolsVersion = 11.1;
					};
				};
			};
			buildConfigurationList = 216AB8D2257EBCA800682211 /* Build configuration list for PBXProject "Study Tool2" */;
			compatibilityVersion = "Xcode 9.3";
			developmentRegion = en;
			hasScannedForEncodings = 0;
			knownRegions = (
				en,
				Base,
			);
			mainGroup = 216AB8CE257EBCA800682211;
			productRefGroup = 216AB8D8257EBCA800682211 /* Products */;
			projectDirPath = "";
			projectRoot = "";
			targets = (
				216AB8D6257EBCA800682211 /* Study Tool2 */,
			);
		};
/* End PBXProject section */

/* Begin PBXResourcesBuildPhase section */
		216AB8D5257EBCA800682211 /* Resources */ = {
			isa = PBXResourcesBuildPhase;
			buildActionMask = 2147483647;
			files = (
				216AB8E7257EBCB500682211 /* LaunchScreen.storyboard in Resources */,
				216AB8E4257EBCB500682211 /* Assets.xcassets in Resources */,
				216AB8E2257EBCA800682211 /* Main.storyboard in Resources */,
			);
			runOnlyForDeploymentPostprocessing = 0;
		};
/* End PBXResourcesBuildPhase section */

/* Begin PBXSourcesBuildPhase section */
		216AB8D3257EBCA800682211 /* Sources */ = {
			isa = PBXSourcesBuildPhase;
			buildActionMask = 2147483647;
			files = (
				216AB8DF257EBCA800682211 /* ViewController.swift in Sources */,
				216AB8DB257EBCA800682211 /* AppDelegate.swift in Sources */,
				216AB8DD257EBCA800682211 /* SceneDelegate.swift in Sources */,
			);
			runOnlyForDeploymentPostprocessing = 0;
		};
/* End PBXSourcesBuildPhase section */

/* Begin PBXVariantGroup section */
		216AB8E0257EBCA800682211 /* Main.storyboard */ = {
			isa = PBXVariantGroup;
			children = (
				216AB8E1257EBCA800682211 /* Base */,
			);
			name = Main.storyboard;
			sourceTree = "<group>";
		};
		216AB8E5257EBCB500682211 /* LaunchScreen.storyboard */ = {
			isa = PBXVariantGroup;
			children = (
				216AB8E6257EBCB500682211 /* Base */,
			);
			name = LaunchScreen.storyboard;
			sourceTree = "<group>";
		};
/* End PBXVariantGroup section */

/* Begin XCBuildConfiguration section */
		216AB8E9257EBCB500682211 /* Debug */ = {
			isa = XCBuildConfiguration;
			buildSettings = {
				ALWAYS_SEARCH_USER_PATHS = NO;
				CLANG_ANALYZER_NONNULL = YES;
				CLANG_ANALYZER_NUMBER_OBJECT_CONVERSION = YES_AGGRESSIVE;
				CLANG_CXX_LANGUAGE_STANDARD = "gnu++14";
				CLANG_CXX_LIBRARY = "libc++";
				CLANG_ENABLE_MODULES = YES;
				CLANG_ENABLE_OBJC_ARC = YES;
				CLANG_ENABLE_OBJC_WEAK = YES;
				CLANG_WARN_BLOCK_CAPTURE_AUTORELEASING = YES;
				CLANG_WARN_BOOL_CONVERSION = YES;
				CLANG_WARN_COMMA = YES;
				CLANG_WARN_CONSTANT_CONVERSION = YES;
				CLANG_WARN_DEPRECATED_OBJC_IMPLEMENTATIONS = YES;
				CLANG_WARN_DIRECT_OBJC_ISA_USAGE = YES_ERROR;
				CLANG_WARN_DOCUMENTATION_COMMENTS = YES;
				CLANG_WARN_EMPTY_BODY = YES;
				CLANG_WARN_ENUM_CONVERSION = YES;
				CLANG_WARN_INFINITE_RECURSION = YES;
				CLANG_WARN_INT_CONVERSION = YES;
				CLANG_WARN_NON_LITERAL_NULL_CONVERSION = YES;
				CLANG_WARN_OBJC_IMPLICIT_RETAIN_SELF = YES;
				CLANG_WARN_OBJC_LITERAL_CONVERSION = YES;
				CLANG_WARN_OBJC_ROOT_CLASS = YES_ERROR;
				CLANG_WARN_RANGE_LOOP_ANALYSIS = YES;
				CLANG_WARN_STRICT_PROTOTYPES = YES;
				CLANG_WARN_SUSPICIOUS_MOVE = YES;
				CLANG_WARN_UNGUARDED_AVAILABILITY = YES_AGGRESSIVE;
				CLANG_WARN_UNREACHABLE_CODE = YES;
				CLANG_WARN__DUPLICATE_METHOD_MATCH = YES;
				COPY_PHASE_STRIP = NO;
				DEBUG_INFORMATION_FORMAT = dwarf;
				ENABLE_STRICT_OBJC_MSGSEND = YES;
				ENABLE_TESTABILITY = YES;
				GCC_C_LANGUAGE_STANDARD = gnu11;
				GCC_DYNAMIC_NO_PIC = NO;
				GCC_NO_COMMON_BLOCKS = YES;
				GCC_OPTIMIZATION_LEVEL = 0;
				GCC_PREPROCESSOR_DEFINITIONS = (
					"DEBUG=1",
					"$(inherited)",
				);
				GCC_WARN_64_TO_32_BIT_CONVERSION = YES;
				GCC_WARN_ABOUT_RETURN_TYPE = YES_ERROR;
				GCC_WARN_UNDECLARED_SELECTOR = YES;
				GCC_WARN_UNINITIALIZED_AUTOS = YES_AGGRESSIVE;
				GCC_WARN_UNUSED_FUNCTION = YES;
				GCC_WARN_UNUSED_VARIABLE = YES;
				IPHONEOS_DEPLOYMENT_TARGET = 13.1;
				MTL_ENABLE_DEBUG_INFO = INCLUDE_SOURCE;
				MTL_FAST_MATH = YES;
				ONLY_ACTIVE_ARCH = YES;
				SDKROOT = iphoneos;
				SWIFT_ACTIVE_COMPILATION_CONDITIONS = DEBUG;
				SWIFT_OPTIMIZATION_LEVEL = "-Onone";
			};
			name = Debug;
		};
		216AB8EA257EBCB500682211 /* Release */ = {
			isa = XCBuildConfiguration;
			buildSettings = {
				ALWAYS_SEARCH_USER_PATHS = NO;
				CLANG_ANALYZER_NONNULL = YES;
				CLANG_ANALYZER_NUMBER_OBJECT_CONVERSION = YES_AGGRESSIVE;
				CLANG_CXX_LANGUAGE_STANDARD = "gnu++14";
				CLANG_CXX_LIBRARY = "libc++";
				CLANG_ENABLE_MODULES = YES;
				CLANG_ENABLE_OBJC_ARC = YES;
				CLANG_ENABLE_OBJC_WEAK = YES;
				CLANG_WARN_BLOCK_CAPTURE_AUTORELEASING = YES;
				CLANG_WARN_BOOL_CONVERSION = YES;
				CLANG_WARN_COMMA = YES;
				CLANG_WARN_CONSTANT_CONVERSION = YES;
				CLANG_WARN_DEPRECATED_OBJC_IMPLEMENTATIONS = YES;
				CLANG_WARN_DIRECT_OBJC_ISA_USAGE = YES_ERROR;
				CLANG_WARN_DOCUMENTATION_COMMENTS = YES;
				CLANG_WARN_EMPTY_BODY = YES;
				CLANG_WARN_ENUM_CONVERSION = YES;
				CLANG_WARN_INFINITE_RECURSION = YES;
				CLANG_WARN_INT_CONVERSION = YES;
				CLANG_WARN_NON_LITERAL_NULL_CONVERSION = YES;
				CLANG_WARN_OBJC_IMPLICIT_RETAIN_SELF = YES;
				CLANG_WARN_OBJC_LITERAL_CONVERSION = YES;
				CLANG_WARN_OBJC_ROOT_CLASS = YES_ERROR;
				CLANG_WARN_RANGE_LOOP_ANALYSIS = YES;
				CLANG_WARN_STRICT_PROTOTYPES = YES;
				CLANG_WARN_SUSPICIOUS_MOVE = YES;
				CLANG_WARN_UNGUARDED_AVAILABILITY = YES_AGGRESSIVE;
				CLANG_WARN_UNREACHABLE_CODE = YES;
				CLANG_WARN__DUPLICATE_METHOD_MATCH = YES;
				COPY_PHASE_STRIP = NO;
				DEBUG_INFORMATION_FORMAT = "dwarf-with-dsym";
				ENABLE_NS_ASSERTIONS = NO;
				ENABLE_STRICT_OBJC_MSGSEND = YES;
				GCC_C_LANGUAGE_STANDARD = gnu11;
				GCC_NO_COMMON_BLOCKS = YES;
				GCC_WARN_64_TO_32_BIT_CONVERSION = YES;
				GCC_WARN_ABOUT_RETURN_TYPE = YES_ERROR;
				GCC_WARN_UNDECLARED_SELECTOR = YES;
				GCC_WARN_UNINITIALIZED_AUTOS = YES_AGGRESSIVE;
				GCC_WARN_UNUSED_FUNCTION = YES;
				GCC_WARN_UNUSED_VARIABLE = YES;
				IPHONEOS_DEPLOYMENT_TARGET = 13.1;
				MTL_ENABLE_DEBUG_INFO = NO;
				MTL_FAST_MATH = YES;
				SDKROOT = iphoneos;
				SWIFT_COMPILATION_MODE = wholemodule;
				SWIFT_OPTIMIZATION_LEVEL = "-O";
				VALIDATE_PRODUCT = YES;
			};
			name = Release;
		};
		216AB8EC257EBCB500682211 /* Debug */ = {
			isa = XCBuildConfiguration;
			buildSettings = {
				ASSETCATALOG_COMPILER_APPICON_NAME = AppIcon;
				CODE_SIGN_STYLE = Automatic;
				INFOPLIST_FILE = "Study Tool2/Info.plist";
				LD_RUNPATH_SEARCH_PATHS = (
					"$(inherited)",
					"@executable_path/Frameworks",
				);
				PRODUCT_BUNDLE_IDENTIFIER = "org.reaganbuell.Study-Tool2";
				PRODUCT_NAME = "$(TARGET_NAME)";
				SWIFT_VERSION = 5.0;
				TARGETED_DEVICE_FAMILY = "1,2";
			};
			name = Debug;
		};
		216AB8ED257EBCB500682211 /* Release */ = {
			isa = XCBuildConfiguration;
			buildSettings = {
				ASSETCATALOG_COMPILER_APPICON_NAME = AppIcon;
				CODE_SIGN_STYLE = Automatic;
				INFOPLIST_FILE = "Study Tool2/Info.plist";
				LD_RUNPATH_SEARCH_PATHS = (
					"$(inherited)",
					"@executable_path/Frameworks",
				);
				PRODUCT_BUNDLE_IDENTIFIER = "org.reaganbuell.Study-Tool2";
				PRODUCT_NAME = "$(TARGET_NAME)";
				SWIFT_VERSION = 5.0;
				TARGETED_DEVICE_FAMILY = "1,2";
			};
			name = Release;
		};
/* End XCBuildConfiguration section */

/* Begin XCConfigurationList section */
		216AB8D2257EBCA800682211 /* Build configuration list for PBXProject "Study Tool2" */ = {
			isa = XCConfigurationList;
			buildConfigurations = (
				216AB8E9257EBCB500682211 /* Debug */,
				216AB8EA257EBCB500682211 /* Release */,
			);
			defaultConfigurationIsVisible = 0;
			defaultConfigurationName = Release;
		};
		216AB8EB257EBCB500682211 /* Build configuration list for PBXNativeTarget "Study Tool2" */ = {
			isa = XCConfigurationList;
			buildConfigurations = (
				216AB8EC257EBCB500682211 /* Debug */,
				216AB8ED257EBCB500682211 /* Release */,
			);
			defaultConfigurationIsVisible = 0;
			defaultConfigurationName = Release;
		};
/* End XCConfigurationList section */
	};
	rootObject = 216AB8CF257EBCA800682211 /* Project object */;
}
